{
  "name": "effects-filtered-presets",
  "version": "1.0.0",
  "lockfileVersion": 1,
  "requires": true,
  "dependencies": {
    "@types/arcgis-js-api": {
      "version": "https://jsapi.esri.com/typings/arcgis-js-api-4.20.tgz",
      "integrity": "sha512-h7+xT46S5hUzFKcGnSakuHEZBD9CVFZfo3zIRV3saO/SBbIwW7ceBjsLbBdtJSd4hnKOvwPaZDCpeezZpGIRpw==",
      "dev": true
    }
  }
}
